schema: gwz.lock/v0
workspace_id: ws_default
manifest_schema: gwz.workspace/v0
members:
  mem_garns:
    path: garns
    source_id: src_garns
    source_kind: git
    commit: 34f2f146a28a90d9ef4bfe9ef86dcc5f788275c6
    branch: main
    detached: false
    dirty: false
    materialized: true
  mem_garns_rust:
    path: garns-rust
    source_id: src_garns_rust
    source_kind: git
    commit: 7e8e31913a5da7defa18064d9d904a8fde0ae2fb
    branch: main
    detached: false
    dirty: false
    materialized: true
